
Microsoft Visual Studio Solution File, Format Version 12.00
# Visual Studio Version 17
VisualStudioVersion = 17.3.32825.248
MinimumVisualStudioVersion = 10.0.40219.1
Project("{FAE04EC0-301F-11D3-BF4B-00C04F79EFBC}") = "TestingApi", "TestingApi\TestingApi.csproj", "{A98557A0-1EB0-4FCB-93D9-1D7109F5ABD2}"
EndProject
Global
	GlobalSection(SolutionConfigurationPlatforms) = preSolution
		Debug|Any CPU = Debug|Any CPU
		Release|Any CPU = Release|Any CPU
	EndGlobalSection
	GlobalSection(ProjectConfigurationPlatforms) = postSolution
		{A98557A0-1EB0-4FCB-93D9-1D7109F5ABD2}.Debug|Any CPU.ActiveCfg = Debug|Any CPU
		{A98557A0-1EB0-4FCB-93D9-1D7109F5ABD2}.Debug|Any CPU.Build.0 = Debug|Any CPU
		{A98557A0-1EB0-4FCB-93D9-1D7109F5ABD2}.Release|Any CPU.ActiveCfg = Release|Any CPU
		{A98557A0-1EB0-4FCB-93D9-1D7109F5ABD2}.Release|Any CPU.Build.0 = Release|Any CPU
	EndGlobalSection
	GlobalSection(SolutionProperties) = preSolution
		HideSolutionNode = FALSE
	EndGlobalSection
	GlobalSection(ExtensibilityGlobals) = postSolution
		SolutionGuid = {FB8E9E19-7602-4B57-AE46-9CAA99C5C328}
	EndGlobalSection
EndGlobal
